lockfileVersion: '6.0'

settings:
  autoInstallPeers: true
  excludeLinksFromLockfile: false

dependencies:
  tailwind-merge:
    specifier: ^2.5.2
    version: 2.5.2

packages:

  /tailwind-merge@2.5.2:
    resolution: {integrity: sha512-kjEBm+pvD+6eAwzJL2Bi+02/9LFLal1Gs61+QB7HvTfQQ0aXwC5LGT8PEt1gS0CWKktKe6ysPTAy3cBC5MeiIg==}
    dev: false
